
Microsoft Visual Studio Solution File, Format Version 12.00
# Visual Studio Version 16
VisualStudioVersion = 16.0.31729.503
MinimumVisualStudioVersion = 10.0.40219.1
Project("{FAE04EC0-301F-11D3-BF4B-00C04F79EFBC}") = "SQLDataAccess", "SQLDataAccess\SQLDataAccess.csproj", "{7C9D8603-DDDF-465D-BF2B-E4631580F601}"
EndProject
Global
	GlobalSection(SolutionConfigurationPlatforms) = preSolution
		Debug|Any CPU = Debug|Any CPU
		Release|Any CPU = Release|Any CPU
	EndGlobalSection
	GlobalSection(ProjectConfigurationPlatforms) = postSolution
		{7C9D8603-DDDF-465D-BF2B-E4631580F601}.Debug|Any CPU.ActiveCfg = Debug|Any CPU
		{7C9D8603-DDDF-465D-BF2B-E4631580F601}.Debug|Any CPU.Build.0 = Debug|Any CPU
		{7C9D8603-DDDF-465D-BF2B-E4631580F601}.Release|Any CPU.ActiveCfg = Release|Any CPU
		{7C9D8603-DDDF-465D-BF2B-E4631580F601}.Release|Any CPU.Build.0 = Release|Any CPU
	EndGlobalSection
	GlobalSection(SolutionProperties) = preSolution
		HideSolutionNode = FALSE
	EndGlobalSection
	GlobalSection(ExtensibilityGlobals) = postSolution
		SolutionGuid = {09D3576C-C8A2-4536-9D63-9F136397C633}
	EndGlobalSection
EndGlobal
